
Microsoft Visual Studio Solution File, Format Version 12.00
# Visual Studio Version 16
VisualStudioVersion = 16.0.30114.105
MinimumVisualStudioVersion = 10.0.40219.1
Project("{FAE04EC0-301F-11D3-BF4B-00C04F79EFBC}") = "ProEvents.Persistence", "ProEvents.Persistence\ProEvents.Persistence.csproj", "{AE570CCC-07DB-4677-B65A-8DDA54F0661B}"
EndProject
Project("{FAE04EC0-301F-11D3-BF4B-00C04F79EFBC}") = "ProEvents.Domain", "ProEvents.Domain\ProEvents.Domain.csproj", "{F3B2D78E-17B8-4EAD-B172-90BEFA77C9A6}"
EndProject
Project("{FAE04EC0-301F-11D3-BF4B-00C04F79EFBC}") = "ProEvents.Application", "ProEvents.Application\ProEvents.Application.csproj", "{03F21A03-6320-4ADE-B793-AE31BCC03D9B}"
EndProject
Project("{FAE04EC0-301F-11D3-BF4B-00C04F79EFBC}") = "ProEvents.API", "ProEvents.API\ProEvents.API.csproj", "{BD451937-D658-4560-8AB3-3C2F9C7623B9}"
EndProject
Global
	GlobalSection(SolutionConfigurationPlatforms) = preSolution
		Debug|Any CPU = Debug|Any CPU
		Debug|x64 = Debug|x64
		Debug|x86 = Debug|x86
		Release|Any CPU = Release|Any CPU
		Release|x64 = Release|x64
		Release|x86 = Release|x86
	EndGlobalSection
	GlobalSection(SolutionProperties) = preSolution
		HideSolutionNode = FALSE
	EndGlobalSection
	GlobalSection(ProjectConfigurationPlatforms) = postSolution
		{AE570CCC-07DB-4677-B65A-8DDA54F0661B}.Debug|Any CPU.ActiveCfg = Debug|Any CPU
		{AE570CCC-07DB-4677-B65A-8DDA54F0661B}.Debug|Any CPU.Build.0 = Debug|Any CPU
		{AE570CCC-07DB-4677-B65A-8DDA54F0661B}.Debug|x64.ActiveCfg = Debug|Any CPU
		{AE570CCC-07DB-4677-B65A-8DDA54F0661B}.Debug|x64.Build.0 = Debug|Any CPU
		{AE570CCC-07DB-4677-B65A-8DDA54F0661B}.Debug|x86.ActiveCfg = Debug|Any CPU
		{AE570CCC-07DB-4677-B65A-8DDA54F0661B}.Debug|x86.Build.0 = Debug|Any CPU
		{AE570CCC-07DB-4677-B65A-8DDA54F0661B}.Release|Any CPU.ActiveCfg = Release|Any CPU
		{AE570CCC-07DB-4677-B65A-8DDA54F0661B}.Release|Any CPU.Build.0 = Release|Any CPU
		{AE570CCC-07DB-4677-B65A-8DDA54F0661B}.Release|x64.ActiveCfg = Release|Any CPU
		{AE570CCC-07DB-4677-B65A-8DDA54F0661B}.Release|x64.Build.0 = Release|Any CPU
		{AE570CCC-07DB-4677-B65A-8DDA54F0661B}.Release|x86.ActiveCfg = Release|Any CPU
		{AE570CCC-07DB-4677-B65A-8DDA54F0661B}.Release|x86.Build.0 = Release|Any CPU
		{F3B2D78E-17B8-4EAD-B172-90BEFA77C9A6}.Debug|Any CPU.ActiveCfg = Debug|Any CPU
		{F3B2D78E-17B8-4EAD-B172-90BEFA77C9A6}.Debug|Any CPU.Build.0 = Debug|Any CPU
		{F3B2D78E-17B8-4EAD-B172-90BEFA77C9A6}.Debug|x64.ActiveCfg = Debug|Any CPU
		{F3B2D78E-17B8-4EAD-B172-90BEFA77C9A6}.Debug|x64.Build.0 = Debug|Any CPU
		{F3B2D78E-17B8-4EAD-B172-90BEFA77C9A6}.Debug|x86.ActiveCfg = Debug|Any CPU
		{F3B2D78E-17B8-4EAD-B172-90BEFA77C9A6}.Debug|x86.Build.0 = Debug|Any CPU
		{F3B2D78E-17B8-4EAD-B172-90BEFA77C9A6}.Release|Any CPU.ActiveCfg = Release|Any CPU
		{F3B2D78E-17B8-4EAD-B172-90BEFA77C9A6}.Release|Any CPU.Build.0 = Release|Any CPU
		{F3B2D78E-17B8-4EAD-B172-90BEFA77C9A6}.Release|x64.ActiveCfg = Release|Any CPU
		{F3B2D78E-17B8-4EAD-B172-90BEFA77C9A6}.Release|x64.Build.0 = Release|Any CPU
		{F3B2D78E-17B8-4EAD-B172-90BEFA77C9A6}.Release|x86.ActiveCfg = Release|Any CPU
		{F3B2D78E-17B8-4EAD-B172-90BEFA77C9A6}.Release|x86.Build.0 = Release|Any CPU
		{03F21A03-6320-4ADE-B793-AE31BCC03D9B}.Debug|Any CPU.ActiveCfg = Debug|Any CPU
		{03F21A03-6320-4ADE-B793-AE31BCC03D9B}.Debug|Any CPU.Build.0 = Debug|Any CPU
		{03F21A03-6320-4ADE-B793-AE31BCC03D9B}.Debug|x64.ActiveCfg = Debug|Any CPU
		{03F21A03-6320-4ADE-B793-AE31BCC03D9B}.Debug|x64.Build.0 = Debug|Any CPU
		{03F21A03-6320-4ADE-B793-AE31BCC03D9B}.Debug|x86.ActiveCfg = Debug|Any CPU
		{03F21A03-6320-4ADE-B793-AE31BCC03D9B}.Debug|x86.Build.0 = Debug|Any CPU
		{03F21A03-6320-4ADE-B793-AE31BCC03D9B}.Release|Any CPU.ActiveCfg = Release|Any CPU
		{03F21A03-6320-4ADE-B793-AE31BCC03D9B}.Release|Any CPU.Build.0 = Release|Any CPU
		{03F21A03-6320-4ADE-B793-AE31BCC03D9B}.Release|x64.ActiveCfg = Release|Any CPU
		{03F21A03-6320-4ADE-B793-AE31BCC03D9B}.Release|x64.Build.0 = Release|Any CPU
		{03F21A03-6320-4ADE-B793-AE31BCC03D9B}.Release|x86.ActiveCfg = Release|Any CPU
		{03F21A03-6320-4ADE-B793-AE31BCC03D9B}.Release|x86.Build.0 = Release|Any CPU
		{BD451937-D658-4560-8AB3-3C2F9C7623B9}.Debug|Any CPU.ActiveCfg = Debug|Any CPU
		{BD451937-D658-4560-8AB3-3C2F9C7623B9}.Debug|Any CPU.Build.0 = Debug|Any CPU
		{BD451937-D658-4560-8AB3-3C2F9C7623B9}.Debug|x64.ActiveCfg = Debug|Any CPU
		{BD451937-D658-4560-8AB3-3C2F9C7623B9}.Debug|x64.Build.0 = Debug|Any CPU
		{BD451937-D658-4560-8AB3-3C2F9C7623B9}.Debug|x86.ActiveCfg = Debug|Any CPU
		{BD451937-D658-4560-8AB3-3C2F9C7623B9}.Debug|x86.Build.0 = Debug|Any CPU
		{BD451937-D658-4560-8AB3-3C2F9C7623B9}.Release|Any CPU.ActiveCfg = Release|Any CPU
		{BD451937-D658-4560-8AB3-3C2F9C7623B9}.Release|Any CPU.Build.0 = Release|Any CPU
		{BD451937-D658-4560-8AB3-3C2F9C7623B9}.Release|x64.ActiveCfg = Release|Any CPU
		{BD451937-D658-4560-8AB3-3C2F9C7623B9}.Release|x64.Build.0 = Release|Any CPU
		{BD451937-D658-4560-8AB3-3C2F9C7623B9}.Release|x86.ActiveCfg = Release|Any CPU
		{BD451937-D658-4560-8AB3-3C2F9C7623B9}.Release|x86.Build.0 = Release|Any CPU
	EndGlobalSection
EndGlobal
